
Microsoft Visual Studio Solution File, Format Version 12.00
# Visual Studio Version 17
VisualStudioVersion = 17.0.32112.339
MinimumVisualStudioVersion = 10.0.40219.1
Project("{FAE04EC0-301F-11D3-BF4B-00C04F79EFBC}") = "CustomComponents", "CustomComponents\CustomComponents.csproj", "{17ABB845-37CC-4613-BAF8-BB829B5C7CCA}"
EndProject
Project("{FAE04EC0-301F-11D3-BF4B-00C04F79EFBC}") = "Validation", "Validation\Validation.csproj", "{09CC6EDA-19C1-4229-808F-C580B13EF6F3}"
EndProject
Global
	GlobalSection(SolutionConfigurationPlatforms) = preSolution
		Debug|Any CPU = Debug|Any CPU
		Release|Any CPU = Release|Any CPU
	EndGlobalSection
	GlobalSection(ProjectConfigurationPlatforms) = postSolution
		{17ABB845-37CC-4613-BAF8-BB829B5C7CCA}.Debug|Any CPU.ActiveCfg = Debug|Any CPU
		{17ABB845-37CC-4613-BAF8-BB829B5C7CCA}.Debug|Any CPU.Build.0 = Debug|Any CPU
		{17ABB845-37CC-4613-BAF8-BB829B5C7CCA}.Release|Any CPU.ActiveCfg = Release|Any CPU
		{17ABB845-37CC-4613-BAF8-BB829B5C7CCA}.Release|Any CPU.Build.0 = Release|Any CPU
		{09CC6EDA-19C1-4229-808F-C580B13EF6F3}.Debug|Any CPU.ActiveCfg = Debug|Any CPU
		{09CC6EDA-19C1-4229-808F-C580B13EF6F3}.Debug|Any CPU.Build.0 = Debug|Any CPU
		{09CC6EDA-19C1-4229-808F-C580B13EF6F3}.Release|Any CPU.ActiveCfg = Release|Any CPU
		{09CC6EDA-19C1-4229-808F-C580B13EF6F3}.Release|Any CPU.Build.0 = Release|Any CPU
	EndGlobalSection
	GlobalSection(SolutionProperties) = preSolution
		HideSolutionNode = FALSE
	EndGlobalSection
	GlobalSection(ExtensibilityGlobals) = postSolution
		SolutionGuid = {9F6AA36B-AF1E-4F1B-B094-47F0DF849E3D}
	EndGlobalSection
EndGlobal
