
Microsoft Visual Studio Solution File, Format Version 12.00
# Visual Studio Version 17
VisualStudioVersion = 17.0.32112.339
MinimumVisualStudioVersion = 10.0.40219.1
Project("{9A19103F-16F7-4668-BE54-9A1E7A4F7556}") = "CustomComponents", "CustomComponents\CustomComponents.csproj", "{17ABB845-37CC-4613-BAF8-BB829B5C7CCA}"
EndProject
Project("{9A19103F-16F7-4668-BE54-9A1E7A4F7556}") = "Validation", "Validation\Validation.csproj", "{09CC6EDA-19C1-4229-808F-C580B13EF6F3}"
EndProject
Project("{9A19103F-16F7-4668-BE54-9A1E7A4F7556}") = "Slimer", "Slimer\Slimer.csproj", "{1E3D4D7E-8DE0-4495-A01E-1CCFB80A757E}"
EndProject
Project("{9A19103F-16F7-4668-BE54-9A1E7A4F7556}") = "JsonConversion", "JsonConversion\JsonConversion.csproj", "{4E8C9C7B-9F92-411D-8801-CBD5F41D44C7}"
EndProject
Project("{9A19103F-16F7-4668-BE54-9A1E7A4F7556}") = "FullMVVM_Example", "FullMVVM_Example\FullMVVM_Example.csproj", "{66AFD6D3-492B-4F26-9C07-8915CDFBF92E}"
EndProject
Project("{9A19103F-16F7-4668-BE54-9A1E7A4F7556}") = "NavigationForLife", "NavigationForLife\NavigationForLife.csproj", "{FD03564B-7628-4005-9A8D-842CC15AEAE2}"
EndProject
Project("{9A19103F-16F7-4668-BE54-9A1E7A4F7556}") = "BookFinder", "BookFinder\BookFinder.csproj", "{BFC8D393-F58E-4B20-A45F-E7DF00B8992D}"
EndProject
Project("{9A19103F-16F7-4668-BE54-9A1E7A4F7556}") = "GoingDynamic", "GoingDynamic\GoingDynamic.csproj", "{39447A1C-96E6-47D0-B93D-61988DAE674D}"
EndProject
Project("{9A19103F-16F7-4668-BE54-9A1E7A4F7556}") = "OnFire", "OnFire\OnFire.csproj", "{AF6E2382-DF29-47DE-9502-70F04959C5F8}"
EndProject
Project("{9A19103F-16F7-4668-BE54-9A1E7A4F7556}") = "IBetForYou", "IBetForYou\IBetForYou.csproj", "{23678928-566D-4515-AFEA-9E79446E36A3}"
EndProject
Project("{9A19103F-16F7-4668-BE54-9A1E7A4F7556}") = "TestingStuff", "StuffGenerator\TestingStuff.csproj", "{8E0C8190-89C9-4A66-BCBF-51332695D9F5}"
EndProject
Project("{FAE04EC0-301F-11D3-BF4B-00C04F79EFBC}") = "CatBet", "CatBet\CatBet.csproj", "{45789476-BE26-4CC2-A338-C1E028C69423}"
EndProject
Global
	GlobalSection(SolutionConfigurationPlatforms) = preSolution
		Debug|Any CPU = Debug|Any CPU
		Release|Any CPU = Release|Any CPU
	EndGlobalSection
	GlobalSection(ProjectConfigurationPlatforms) = postSolution
		{17ABB845-37CC-4613-BAF8-BB829B5C7CCA}.Debug|Any CPU.ActiveCfg = Debug|Any CPU
		{17ABB845-37CC-4613-BAF8-BB829B5C7CCA}.Debug|Any CPU.Build.0 = Debug|Any CPU
		{17ABB845-37CC-4613-BAF8-BB829B5C7CCA}.Release|Any CPU.ActiveCfg = Release|Any CPU
		{17ABB845-37CC-4613-BAF8-BB829B5C7CCA}.Release|Any CPU.Build.0 = Release|Any CPU
		{09CC6EDA-19C1-4229-808F-C580B13EF6F3}.Debug|Any CPU.ActiveCfg = Debug|Any CPU
		{09CC6EDA-19C1-4229-808F-C580B13EF6F3}.Debug|Any CPU.Build.0 = Debug|Any CPU
		{09CC6EDA-19C1-4229-808F-C580B13EF6F3}.Release|Any CPU.ActiveCfg = Release|Any CPU
		{09CC6EDA-19C1-4229-808F-C580B13EF6F3}.Release|Any CPU.Build.0 = Release|Any CPU
		{1E3D4D7E-8DE0-4495-A01E-1CCFB80A757E}.Debug|Any CPU.ActiveCfg = Debug|Any CPU
		{1E3D4D7E-8DE0-4495-A01E-1CCFB80A757E}.Debug|Any CPU.Build.0 = Debug|Any CPU
		{1E3D4D7E-8DE0-4495-A01E-1CCFB80A757E}.Release|Any CPU.ActiveCfg = Release|Any CPU
		{1E3D4D7E-8DE0-4495-A01E-1CCFB80A757E}.Release|Any CPU.Build.0 = Release|Any CPU
		{4E8C9C7B-9F92-411D-8801-CBD5F41D44C7}.Debug|Any CPU.ActiveCfg = Debug|Any CPU
		{4E8C9C7B-9F92-411D-8801-CBD5F41D44C7}.Debug|Any CPU.Build.0 = Debug|Any CPU
		{4E8C9C7B-9F92-411D-8801-CBD5F41D44C7}.Release|Any CPU.ActiveCfg = Release|Any CPU
		{4E8C9C7B-9F92-411D-8801-CBD5F41D44C7}.Release|Any CPU.Build.0 = Release|Any CPU
		{66AFD6D3-492B-4F26-9C07-8915CDFBF92E}.Debug|Any CPU.ActiveCfg = Debug|Any CPU
		{66AFD6D3-492B-4F26-9C07-8915CDFBF92E}.Debug|Any CPU.Build.0 = Debug|Any CPU
		{66AFD6D3-492B-4F26-9C07-8915CDFBF92E}.Release|Any CPU.ActiveCfg = Release|Any CPU
		{66AFD6D3-492B-4F26-9C07-8915CDFBF92E}.Release|Any CPU.Build.0 = Release|Any CPU
		{FD03564B-7628-4005-9A8D-842CC15AEAE2}.Debug|Any CPU.ActiveCfg = Debug|Any CPU
		{FD03564B-7628-4005-9A8D-842CC15AEAE2}.Debug|Any CPU.Build.0 = Debug|Any CPU
		{FD03564B-7628-4005-9A8D-842CC15AEAE2}.Release|Any CPU.ActiveCfg = Release|Any CPU
		{FD03564B-7628-4005-9A8D-842CC15AEAE2}.Release|Any CPU.Build.0 = Release|Any CPU
		{BFC8D393-F58E-4B20-A45F-E7DF00B8992D}.Debug|Any CPU.ActiveCfg = Debug|Any CPU
		{BFC8D393-F58E-4B20-A45F-E7DF00B8992D}.Debug|Any CPU.Build.0 = Debug|Any CPU
		{BFC8D393-F58E-4B20-A45F-E7DF00B8992D}.Release|Any CPU.ActiveCfg = Release|Any CPU
		{BFC8D393-F58E-4B20-A45F-E7DF00B8992D}.Release|Any CPU.Build.0 = Release|Any CPU
		{39447A1C-96E6-47D0-B93D-61988DAE674D}.Debug|Any CPU.ActiveCfg = Debug|Any CPU
		{39447A1C-96E6-47D0-B93D-61988DAE674D}.Debug|Any CPU.Build.0 = Debug|Any CPU
		{39447A1C-96E6-47D0-B93D-61988DAE674D}.Release|Any CPU.ActiveCfg = Release|Any CPU
		{39447A1C-96E6-47D0-B93D-61988DAE674D}.Release|Any CPU.Build.0 = Release|Any CPU
		{AF6E2382-DF29-47DE-9502-70F04959C5F8}.Debug|Any CPU.ActiveCfg = Debug|Any CPU
		{AF6E2382-DF29-47DE-9502-70F04959C5F8}.Debug|Any CPU.Build.0 = Debug|Any CPU
		{AF6E2382-DF29-47DE-9502-70F04959C5F8}.Release|Any CPU.ActiveCfg = Release|Any CPU
		{AF6E2382-DF29-47DE-9502-70F04959C5F8}.Release|Any CPU.Build.0 = Release|Any CPU
		{23678928-566D-4515-AFEA-9E79446E36A3}.Debug|Any CPU.ActiveCfg = Debug|Any CPU
		{23678928-566D-4515-AFEA-9E79446E36A3}.Debug|Any CPU.Build.0 = Debug|Any CPU
		{23678928-566D-4515-AFEA-9E79446E36A3}.Release|Any CPU.ActiveCfg = Release|Any CPU
		{23678928-566D-4515-AFEA-9E79446E36A3}.Release|Any CPU.Build.0 = Release|Any CPU
		{8E0C8190-89C9-4A66-BCBF-51332695D9F5}.Debug|Any CPU.ActiveCfg = Debug|Any CPU
		{8E0C8190-89C9-4A66-BCBF-51332695D9F5}.Debug|Any CPU.Build.0 = Debug|Any CPU
		{8E0C8190-89C9-4A66-BCBF-51332695D9F5}.Release|Any CPU.ActiveCfg = Release|Any CPU
		{8E0C8190-89C9-4A66-BCBF-51332695D9F5}.Release|Any CPU.Build.0 = Release|Any CPU
		{45789476-BE26-4CC2-A338-C1E028C69423}.Debug|Any CPU.ActiveCfg = Debug|Any CPU
		{45789476-BE26-4CC2-A338-C1E028C69423}.Debug|Any CPU.Build.0 = Debug|Any CPU
		{45789476-BE26-4CC2-A338-C1E028C69423}.Release|Any CPU.ActiveCfg = Release|Any CPU
		{45789476-BE26-4CC2-A338-C1E028C69423}.Release|Any CPU.Build.0 = Release|Any CPU
	EndGlobalSection
	GlobalSection(SolutionProperties) = preSolution
		HideSolutionNode = FALSE
	EndGlobalSection
	GlobalSection(ExtensibilityGlobals) = postSolution
		SolutionGuid = {9F6AA36B-AF1E-4F1B-B094-47F0DF849E3D}
	EndGlobalSection
EndGlobal
